
Microsoft Visual Studio Solution File, Format Version 12.00
# Visual Studio 2012
Project("{FAE04EC0-301F-11D3-BF4B-00C04F79EFBC}") = "TaskOne_WordCounter", "TaskOne_WordCounter\TaskOne_WordCounter.csproj", "{B3D407E3-C150-4B35-A347-90513094E187}"
EndProject
Global
	GlobalSection(SolutionConfigurationPlatforms) = preSolution
		Debug|x86 = Debug|x86
		Release|x86 = Release|x86
	EndGlobalSection
	GlobalSection(ProjectConfigurationPlatforms) = postSolution
		{B3D407E3-C150-4B35-A347-90513094E187}.Debug|x86.ActiveCfg = Debug|x86
		{B3D407E3-C150-4B35-A347-90513094E187}.Debug|x86.Build.0 = Debug|x86
		{B3D407E3-C150-4B35-A347-90513094E187}.Release|x86.ActiveCfg = Release|x86
		{B3D407E3-C150-4B35-A347-90513094E187}.Release|x86.Build.0 = Release|x86
	EndGlobalSection
EndGlobal
